{
  "version": "5",
  "specifiers": {
    "jsr:@hono/hono@*": "4.10.3",
    "npm:@types/node@*": "24.2.0"
  },
  "jsr": {
    "@hono/hono@4.10.3": {
      "integrity": "d37db91cace43d80dccdbb49b396bd4f97e019c8566c20201cb1d9e4a3009e45"
    }
  },
  "npm": {
    "@types/node@24.2.0": {
      "integrity": "sha512-3xyG3pMCq3oYCNg7/ZP+E1ooTaGB4cG8JWRsqqOYQdbWNY4zbaV0Ennrd7stjiJEFZCaybcIgpTjJWHRfBSIDw==",
      "dependencies": [
        "undici-types"
      ]
    },
    "undici-types@7.10.0": {
      "integrity": "sha512-t5Fy/nfn+14LuOc2KNYg75vZqClpAiqscVvMygNnlsHBFpSXdJaYtXMcdNLpl/Qvc3P2cB3s6lOV51nqsFq4ag=="
    }
  },
  "redirects": {
    "https://esm.sh/@supabase/functions-js@^2.1.5?target=denonext": "https://esm.sh/@supabase/functions-js@2.76.1?target=denonext",
    "https://esm.sh/@supabase/gotrue-js@^2.51.0?target=denonext": "https://esm.sh/@supabase/gotrue-js@2.76.1?target=denonext",
    "https://esm.sh/@supabase/node-fetch@^2.6.14?target=denonext": "https://esm.sh/@supabase/node-fetch@2.6.15?target=denonext",
    "https://esm.sh/@supabase/postgrest-js@^1.8.4?target=denonext": "https://esm.sh/@supabase/postgrest-js@1.21.4?target=denonext",
    "https://esm.sh/@supabase/realtime-js@^2.7.4?target=denonext": "https://esm.sh/@supabase/realtime-js@2.76.1?target=denonext",
    "https://esm.sh/@supabase/storage-js@^2.5.4?target=denonext": "https://esm.sh/@supabase/storage-js@2.76.1?target=denonext",
    "https://esm.sh/@supabase/supabase-js@2": "https://esm.sh/@supabase/supabase-js@2.76.1",
    "https://esm.sh/tr46@~0.0.3?target=denonext": "https://esm.sh/tr46@0.0.3?target=denonext",
    "https://esm.sh/webidl-conversions@^3.0.0?target=denonext": "https://esm.sh/webidl-conversions@3.0.1?target=denonext",
    "https://esm.sh/whatwg-url@^5.0.0?target=denonext": "https://esm.sh/whatwg-url@5.0.0?target=denonext"
  },
  "remote": {
    "https://deno.land/std@0.177.0/async/abortable.ts": "73acfb3ed7261ce0d930dbe89e43db8d34e017b063cf0eaa7d215477bf53442e",
    "https://deno.land/std@0.177.0/async/deadline.ts": "c5facb0b404eede83e38bd2717ea8ab34faa2ffb20ef87fd261fcba32ba307aa",
    "https://deno.land/std@0.177.0/async/debounce.ts": "adab11d04ca38d699444ac8a9d9856b4155e8dda2afd07ce78276c01ea5a4332",
    "https://deno.land/std@0.177.0/async/deferred.ts": "42790112f36a75a57db4a96d33974a936deb7b04d25c6084a9fa8a49f135def8",
    "https://deno.land/std@0.177.0/async/delay.ts": "73aa04cec034c84fc748c7be49bb15cac3dd43a57174bfdb7a4aec22c248f0dd",
    "https://deno.land/std@0.177.0/async/mod.ts": "f04344fa21738e5ad6bea37a6bfffd57c617c2d372bb9f9dcfd118a1b622e576",
    "https://deno.land/std@0.177.0/async/mux_async_iterator.ts": "70c7f2ee4e9466161350473ad61cac0b9f115cff4c552eaa7ef9d50c4cbb4cc9",
    "https://deno.land/std@0.177.0/async/pool.ts": "fd082bd4aaf26445909889435a5c74334c017847842ec035739b4ae637ae8260",
    "https://deno.land/std@0.177.0/async/retry.ts": "5efa3ba450ac0c07a40a82e2df296287b5013755d232049efd7ea2244f15b20f",
    "https://deno.land/std@0.177.0/async/tee.ts": "47e42d35f622650b02234d43803d0383a89eb4387e1b83b5a40106d18ae36757",
    "https://deno.land/std@0.177.0/http/server.ts": "cbb17b594651215ba95c01a395700684e569c165a567e4e04bba327f41197433",
    "https://deno.land/x/hono@v3.2.3/http-exception.ts": "be4736556518a6c923ed99573eea823d7b14e7f37dcca7d38015896426c1928a",
    "https://deno.land/x/hono@v3.2.3/utils/http-status.ts": "e0c4343ea7717c314dc600131e16b636c29d61cfdaf9df93b267258d1729d1a0",
    "https://esm.sh/@supabase/auth-js@2.76.1/denonext/auth-js.mjs": "34acd2684c9861b7b753d2d06c77e548eb63d06c8a6081e3e2aa6aac01b006f9",
    "https://esm.sh/@supabase/functions-js@2.76.1/denonext/functions-js.mjs": "8f74804adb4268b17cc2d677dd84269f4e2c5ab848eeaf3e5759d5ab78e18100",
    "https://esm.sh/@supabase/functions-js@2.76.1?target=denonext": "2887693936b6e687e7018f0a456622ece3e9ff36a36e1e6419b0e6d10aaaecf2",
    "https://esm.sh/@supabase/gotrue-js@2.76.1/denonext/gotrue-js.mjs": "67dfd85d759e934a78efeffc84a630ad77114fa16decac4bcc2c063b72eaa204",
    "https://esm.sh/@supabase/gotrue-js@2.76.1?target=denonext": "ae062145a407319427cb818ad50e560687a820fd1c6d1f013d1f22f10c7fa68c",
    "https://esm.sh/@supabase/node-fetch@2.6.15/denonext/node-fetch.mjs": "0bae9052231f4f6dbccc7234d05ea96923dbf967be12f402764580b6bf9f713d",
    "https://esm.sh/@supabase/node-fetch@2.6.15?target=denonext": "4d28c4ad97328403184353f68434f2b6973971507919e9150297413664919cf3",
    "https://esm.sh/@supabase/postgrest-js@1.21.4/denonext/postgrest-js.mjs": "c3769b11ef02debc78ecf6ab4e152d3cf7dbd05bbbafeb72c160e76cc57cda3c",
    "https://esm.sh/@supabase/postgrest-js@1.21.4?target=denonext": "db2315bc0ff19690cd4239c5adb5f5787f5dea04955058ef1fca541d49555ed6",
    "https://esm.sh/@supabase/postgrest-js@2.76.1/denonext/postgrest-js.mjs": "50284739ae9a5f487dcf76bccbbdda5d08fea9962cc28c829cca12ae81dedda8",
    "https://esm.sh/@supabase/realtime-js@2.76.1/denonext/realtime-js.mjs": "e5d64b84666fdc989495478299e78779d3c756d4fd900f56cf83fb20e7b568d8",
    "https://esm.sh/@supabase/realtime-js@2.76.1?target=denonext": "3e6bcd293c4b499289c5b024cbffc9c128deb674723ecbd19d067347437af3ef",
    "https://esm.sh/@supabase/storage-js@2.76.1/denonext/storage-js.mjs": "71ff35507eb09ef4197cf3a7d5b1601fecccb6a9a69d09e271cbb6c98af3b3a4",
    "https://esm.sh/@supabase/storage-js@2.76.1?target=denonext": "54792bd695d9bed2eae63de9349dbb38b14365910b91e8615d38a6e9d01cb440",
    "https://esm.sh/@supabase/supabase-js@2.34.0": "79ee9eec0089ba650467396cf2c9b3704a82aaea674845f2dece9fec7f9b0f16",
    "https://esm.sh/@supabase/supabase-js@2.34.0/denonext/supabase-js.mjs": "d6ec3cae02faa7d758cd973bb9e61c1ba896417df4a42b5b882a0413acfe94bc",
    "https://esm.sh/@supabase/supabase-js@2.76.1": "99f07a2597a0be25436c7520104699b5570de0c91d8e42b1679359dba7716324",
    "https://esm.sh/@supabase/supabase-js@2.76.1/denonext/supabase-js.mjs": "2f5357f9c5cbef8b66035f8c287b00891c5214832e937118105f926bd0e6ae0d",
    "https://esm.sh/tr46@0.0.3/denonext/tr46.mjs": "5753ec0a99414f4055f0c1f97691100f13d88e48a8443b00aebb90a512785fa2",
    "https://esm.sh/tr46@0.0.3?target=denonext": "19cb9be0f0d418a0c3abb81f2df31f080e9540a04e43b0f699bce1149cba0cbb",
    "https://esm.sh/tslib@2.8.1/denonext/tslib.mjs": "ebce3cd5facb654623020337f867b426ba95f71596ba87acc9e6c6f4e55905ca",
    "https://esm.sh/webidl-conversions@3.0.1/denonext/webidl-conversions.mjs": "54b5c2d50a294853c4ccebf9d5ed8988c94f4e24e463d84ec859a866ea5fafec",
    "https://esm.sh/webidl-conversions@3.0.1?target=denonext": "4e20318d50528084616c79d7b3f6e7f0fe7b6d09013bd01b3974d7448d767e29",
    "https://esm.sh/whatwg-url@5.0.0/denonext/whatwg-url.mjs": "29b16d74ee72624c915745bbd25b617cfd2248c6af0f5120d131e232a9a9af79",
    "https://esm.sh/whatwg-url@5.0.0?target=denonext": "f001a2cadf81312d214ca330033f474e74d81a003e21e8c5d70a1f46dc97b02d"
  },
  "workspace": {
    "dependencies": [
      "jsr:@hono/hono@*"
    ]
  }
}
